
Microsoft Visual Studio Solution File, Format Version 12.00
Project("{FAE04EC0-301F-11D3-BF4B-00C04F79EFBC}") = "Gymmer.Service", "Gymmer.Service\Gymmer.Service.csproj", "{589B2F10-EF8B-4139-A435-AC87FBFB7C93}"
EndProject
Project("{FAE04EC0-301F-11D3-BF4B-00C04F79EFBC}") = "Gymmer.Application", "Gymmer.Application\Gymmer.Application.csproj", "{748399C7-C7F7-4058-9469-864EB71CADC2}"
EndProject
Project("{FAE04EC0-301F-11D3-BF4B-00C04F79EFBC}") = "Gymmer.Infrastructure", "Gymmer.Infrastructure\Gymmer.Infrastructure.csproj", "{D3090BB9-23B2-429F-A11D-1A7ACD61FE65}"
EndProject
Project("{FAE04EC0-301F-11D3-BF4B-00C04F79EFBC}") = "Gymmer.Core", "Gymmer.Core\Gymmer.Core.csproj", "{154FC2E5-D168-4AE5-8C6C-8083BA58ADCC}"
EndProject
Project("{2150E333-8FDC-42A3-9474-1A3956D46DE8}") = "tests", "tests", "{8AC8A05F-A460-436D-AE99-6B5FC8E2A0E8}"
EndProject
Project("{FAE04EC0-301F-11D3-BF4B-00C04F79EFBC}") = "Gymmer.UnitTests", "Gymmer.UnitTests\Gymmer.UnitTests.csproj", "{5DC51E20-9718-4512-A787-EDD03033669A}"
EndProject
Global
	GlobalSection(SolutionConfigurationPlatforms) = preSolution
		Debug|Any CPU = Debug|Any CPU
		Release|Any CPU = Release|Any CPU
	EndGlobalSection
	GlobalSection(ProjectConfigurationPlatforms) = postSolution
		{589B2F10-EF8B-4139-A435-AC87FBFB7C93}.Debug|Any CPU.ActiveCfg = Debug|Any CPU
		{589B2F10-EF8B-4139-A435-AC87FBFB7C93}.Debug|Any CPU.Build.0 = Debug|Any CPU
		{589B2F10-EF8B-4139-A435-AC87FBFB7C93}.Release|Any CPU.ActiveCfg = Release|Any CPU
		{589B2F10-EF8B-4139-A435-AC87FBFB7C93}.Release|Any CPU.Build.0 = Release|Any CPU
		{748399C7-C7F7-4058-9469-864EB71CADC2}.Debug|Any CPU.ActiveCfg = Debug|Any CPU
		{748399C7-C7F7-4058-9469-864EB71CADC2}.Debug|Any CPU.Build.0 = Debug|Any CPU
		{748399C7-C7F7-4058-9469-864EB71CADC2}.Release|Any CPU.ActiveCfg = Release|Any CPU
		{748399C7-C7F7-4058-9469-864EB71CADC2}.Release|Any CPU.Build.0 = Release|Any CPU
		{D3090BB9-23B2-429F-A11D-1A7ACD61FE65}.Debug|Any CPU.ActiveCfg = Debug|Any CPU
		{D3090BB9-23B2-429F-A11D-1A7ACD61FE65}.Debug|Any CPU.Build.0 = Debug|Any CPU
		{D3090BB9-23B2-429F-A11D-1A7ACD61FE65}.Release|Any CPU.ActiveCfg = Release|Any CPU
		{D3090BB9-23B2-429F-A11D-1A7ACD61FE65}.Release|Any CPU.Build.0 = Release|Any CPU
		{154FC2E5-D168-4AE5-8C6C-8083BA58ADCC}.Debug|Any CPU.ActiveCfg = Debug|Any CPU
		{154FC2E5-D168-4AE5-8C6C-8083BA58ADCC}.Debug|Any CPU.Build.0 = Debug|Any CPU
		{154FC2E5-D168-4AE5-8C6C-8083BA58ADCC}.Release|Any CPU.ActiveCfg = Release|Any CPU
		{154FC2E5-D168-4AE5-8C6C-8083BA58ADCC}.Release|Any CPU.Build.0 = Release|Any CPU
		{5DC51E20-9718-4512-A787-EDD03033669A}.Debug|Any CPU.ActiveCfg = Debug|Any CPU
		{5DC51E20-9718-4512-A787-EDD03033669A}.Debug|Any CPU.Build.0 = Debug|Any CPU
		{5DC51E20-9718-4512-A787-EDD03033669A}.Release|Any CPU.ActiveCfg = Release|Any CPU
		{5DC51E20-9718-4512-A787-EDD03033669A}.Release|Any CPU.Build.0 = Release|Any CPU
	EndGlobalSection
	GlobalSection(NestedProjects) = preSolution
		{5DC51E20-9718-4512-A787-EDD03033669A} = {8AC8A05F-A460-436D-AE99-6B5FC8E2A0E8}
	EndGlobalSection
EndGlobal
