
Microsoft Visual Studio Solution File, Format Version 12.00
Project("{FAE04EC0-301F-11D3-BF4B-00C04F79EFBC}") = "Polls.Service", "Polls.Service\Polls.Service.csproj", "{589B2F10-EF8B-4139-A435-AC87FBFB7C93}"
EndProject
Project("{FAE04EC0-301F-11D3-BF4B-00C04F79EFBC}") = "Polls.Application", "Polls.Application\Polls.Application.csproj", "{748399C7-C7F7-4058-9469-864EB71CADC2}"
EndProject
Global
	GlobalSection(SolutionConfigurationPlatforms) = preSolution
		Debug|Any CPU = Debug|Any CPU
		Release|Any CPU = Release|Any CPU
	EndGlobalSection
	GlobalSection(ProjectConfigurationPlatforms) = postSolution
		{589B2F10-EF8B-4139-A435-AC87FBFB7C93}.Debug|Any CPU.ActiveCfg = Debug|Any CPU
		{589B2F10-EF8B-4139-A435-AC87FBFB7C93}.Debug|Any CPU.Build.0 = Debug|Any CPU
		{589B2F10-EF8B-4139-A435-AC87FBFB7C93}.Release|Any CPU.ActiveCfg = Release|Any CPU
		{589B2F10-EF8B-4139-A435-AC87FBFB7C93}.Release|Any CPU.Build.0 = Release|Any CPU
		{748399C7-C7F7-4058-9469-864EB71CADC2}.Debug|Any CPU.ActiveCfg = Debug|Any CPU
		{748399C7-C7F7-4058-9469-864EB71CADC2}.Debug|Any CPU.Build.0 = Debug|Any CPU
		{748399C7-C7F7-4058-9469-864EB71CADC2}.Release|Any CPU.ActiveCfg = Release|Any CPU
		{748399C7-C7F7-4058-9469-864EB71CADC2}.Release|Any CPU.Build.0 = Release|Any CPU
	EndGlobalSection
EndGlobal
